
Microsoft Visual Studio Solution File, Format Version 12.00
# Visual Studio Version 17
VisualStudioVersion = 17.10.34928.147
MinimumVisualStudioVersion = 10.0.40219.1
Project("{FAE04EC0-301F-11D3-BF4B-00C04F79EFBC}") = "ElevatorChallenge", "ElevatorChallenge\ElevatorChallenge.csproj", "{7FA854FC-B1B5-4BF4-9AC5-983C7054CAA3}"
EndProject
Project("{FAE04EC0-301F-11D3-BF4B-00C04F79EFBC}") = "ElevatorNunitTests", "ElevatorNunitTests\ElevatorNunitTests.csproj", "{F6CD81C9-3F8F-400D-B284-4D3CC5DC355C}"
EndProject
Global
	GlobalSection(SolutionConfigurationPlatforms) = preSolution
		Debug|Any CPU = Debug|Any CPU
		Release|Any CPU = Release|Any CPU
	EndGlobalSection
	GlobalSection(ProjectConfigurationPlatforms) = postSolution
		{7FA854FC-B1B5-4BF4-9AC5-983C7054CAA3}.Debug|Any CPU.ActiveCfg = Debug|Any CPU
		{7FA854FC-B1B5-4BF4-9AC5-983C7054CAA3}.Debug|Any CPU.Build.0 = Debug|Any CPU
		{7FA854FC-B1B5-4BF4-9AC5-983C7054CAA3}.Release|Any CPU.ActiveCfg = Release|Any CPU
		{7FA854FC-B1B5-4BF4-9AC5-983C7054CAA3}.Release|Any CPU.Build.0 = Release|Any CPU
		{F6CD81C9-3F8F-400D-B284-4D3CC5DC355C}.Debug|Any CPU.ActiveCfg = Debug|Any CPU
		{F6CD81C9-3F8F-400D-B284-4D3CC5DC355C}.Debug|Any CPU.Build.0 = Debug|Any CPU
		{F6CD81C9-3F8F-400D-B284-4D3CC5DC355C}.Release|Any CPU.ActiveCfg = Release|Any CPU
		{F6CD81C9-3F8F-400D-B284-4D3CC5DC355C}.Release|Any CPU.Build.0 = Release|Any CPU
	EndGlobalSection
	GlobalSection(SolutionProperties) = preSolution
		HideSolutionNode = FALSE
	EndGlobalSection
	GlobalSection(ExtensibilityGlobals) = postSolution
		SolutionGuid = {F7C44A9E-6FC4-4018-BAAE-0EC63AEB3C1E}
	EndGlobalSection
EndGlobal
